
Microsoft Visual Studio Solution File, Format Version 12.00
# Visual Studio Version 16
VisualStudioVersion = 16.0.30804.86
MinimumVisualStudioVersion = 10.0.40219.1
Project("{9A19103F-16F7-4668-BE54-9A1E7A4F7556}") = "ModbusTool", "ModbusTool\ModbusTool.csproj", "{8BD532A4-A137-414A-B3F5-18D5475C0999}"
EndProject
Project("{9A19103F-16F7-4668-BE54-9A1E7A4F7556}") = "ProtocolModbus", "ProtocolModbus\ProtocolModbus.csproj", "{925965E6-B536-44F8-BCB2-79038A28DBCA}"
EndProject
Project("{9A19103F-16F7-4668-BE54-9A1E7A4F7556}") = "ProtocolsInterface", "ProtocolsInterface\ProtocolsInterface.csproj", "{627A9A26-37B6-4CA9-9156-81034B991C44}"
EndProject
Global
	GlobalSection(SolutionConfigurationPlatforms) = preSolution
		Debug|Any CPU = Debug|Any CPU
		Release|Any CPU = Release|Any CPU
	EndGlobalSection
	GlobalSection(ProjectConfigurationPlatforms) = postSolution
		{8BD532A4-A137-414A-B3F5-18D5475C0999}.Debug|Any CPU.ActiveCfg = Debug|Any CPU
		{8BD532A4-A137-414A-B3F5-18D5475C0999}.Debug|Any CPU.Build.0 = Debug|Any CPU
		{8BD532A4-A137-414A-B3F5-18D5475C0999}.Release|Any CPU.ActiveCfg = Release|Any CPU
		{8BD532A4-A137-414A-B3F5-18D5475C0999}.Release|Any CPU.Build.0 = Release|Any CPU
		{925965E6-B536-44F8-BCB2-79038A28DBCA}.Debug|Any CPU.ActiveCfg = Debug|Any CPU
		{925965E6-B536-44F8-BCB2-79038A28DBCA}.Debug|Any CPU.Build.0 = Debug|Any CPU
		{925965E6-B536-44F8-BCB2-79038A28DBCA}.Release|Any CPU.ActiveCfg = Release|Any CPU
		{925965E6-B536-44F8-BCB2-79038A28DBCA}.Release|Any CPU.Build.0 = Release|Any CPU
		{627A9A26-37B6-4CA9-9156-81034B991C44}.Debug|Any CPU.ActiveCfg = Debug|Any CPU
		{627A9A26-37B6-4CA9-9156-81034B991C44}.Debug|Any CPU.Build.0 = Debug|Any CPU
		{627A9A26-37B6-4CA9-9156-81034B991C44}.Release|Any CPU.ActiveCfg = Release|Any CPU
		{627A9A26-37B6-4CA9-9156-81034B991C44}.Release|Any CPU.Build.0 = Release|Any CPU
	EndGlobalSection
	GlobalSection(SolutionProperties) = preSolution
		HideSolutionNode = FALSE
	EndGlobalSection
	GlobalSection(ExtensibilityGlobals) = postSolution
		SolutionGuid = {0CF9CF96-0EE0-49C9-9145-E9361F067E6D}
	EndGlobalSection
EndGlobal
